// !$*UTF8*$!
{
	archiveVersion = 1;
	classes = {
	};
	objectVersion = 50;
	objects = {

/* Begin PBXBuildFile section */
		951D313D22DD93B700D865A5 /* AppDelegate.swift in Sources */ = {isa = PBXBuildFile; fileRef = 951D313C22DD93B700D865A5 /* AppDelegate.swift */; };
		951D313F22DD93B700D865A5 /* ViewController.swift in Sources */ = {isa = PBXBuildFile; fileRef = 951D313E22DD93B700D865A5 /* ViewController.swift */; };
		951D314222DD93B700D865A5 /* Main.storyboard in Resources */ = {isa = PBXBuildFile; fileRef = 951D314022DD93B700D865A5 /* Main.storyboard */; };
		951D314422DD93B800D865A5 /* Assets.xcassets in Resources */ = {isa = PBXBuildFile; fileRef = 951D314322DD93B800D865A5 /* Assets.xcassets */; };
		951D314722DD93B800D865A5 /* LaunchScreen.storyboard in Resources */ = {isa = PBXBuildFile; fileRef = 951D314522DD93B800D865A5 /* LaunchScreen.storyboard */; };
		951D315222DD93B800D865A5 /* ticTacToeTejasTests.swift in Sources */ = {isa = PBXBuildFile; fileRef = 951D315122DD93B800D865A5 /* ticTacToeTejasTests.swift */; };
		951D315D22DD93B800D865A5 /* ticTacToeTejasUITests.swift in Sources */ = {isa = PBXBuildFile; fileRef = 951D315C22DD93B800D865A5 /* ticTacToeTejasUITests.swift */; };
		951D316B22DD97AF00D865A5 /* MyCollectionViewCell.swift in Sources */ = {isa = PBXBuildFile; fileRef = 951D316A22DD97AF00D865A5 /* MyCollectionViewCell.swift */; };
/* End PBXBuildFile section */

/* Begin PBXContainerItemProxy section */
		951D314E22DD93B800D865A5 /* PBXContainerItemProxy */ = {
			isa = PBXContainerItemProxy;
			containerPortal = 951D313122DD93B700D865A5 /* Project object */;
			proxyType = 1;
			remoteGlobalIDString = 951D313822DD93B700D865A5;
			remoteInfo = ticTacToeTejas;
		};
		951D315922DD93B800D865A5 /* PBXContainerItemProxy */ = {
			isa = PBXContainerItemProxy;
			containerPortal = 951D313122DD93B700D865A5 /* Project object */;
			proxyType = 1;
			remoteGlobalIDString = 951D313822DD93B700D865A5;
			remoteInfo = ticTacToeTejas;
		};
/* End PBXContainerItemProxy section */

/* Begin PBXFileReference section */
		951D313922DD93B700D865A5 /* ticTacToeTejas.app */ = {isa = PBXFileReference; explicitFileType = wrapper.application; includeInIndex = 0; path = ticTacToeTejas.app; sourceTree = BUILT_PRODUCTS_DIR; };
		951D313C22DD93B700D865A5 /* AppDelegate.swift */ = {isa = PBXFileReference; lastKnownFileType = sourcecode.swift; path = AppDelegate.swift; sourceTree = "<group>"; };
		951D313E22DD93B700D865A5 /* ViewController.swift */ = {isa = PBXFileReference; lastKnownFileType = sourcecode.swift; path = ViewController.swift; sourceTree = "<group>"; };
		951D314122DD93B700D865A5 /* Base */ = {isa = PBXFileReference; lastKnownFileType = file.storyboard; name = Base; path = Base.lproj/Main.storyboard; sourceTree = "<group>"; };
		951D314322DD93B800D865A5 /* Assets.xcassets */ = {isa = PBXFileReference; lastKnownFileType = folder.assetcatalog; path = Assets.xcassets; sourceTree = "<group>"; };
		951D314622DD93B800D865A5 /* Base */ = {isa = PBXFileReference; lastKnownFileType = file.storyboard; name = Base; path = Base.lproj/LaunchScreen.storyboard; sourceTree = "<group>"; };
		951D314822DD93B800D865A5 /* Info.plist */ = {isa = PBXFileReference; lastKnownFileType = text.plist.xml; path = Info.plist; sourceTree = "<group>"; };
		951D314D22DD93B800D865A5 /* ticTacToeTejasTests.xctest */ = {isa = PBXFileReference; explicitFileType = wrapper.cfbundle; includeInIndex = 0; path = ticTacToeTejasTests.xctest; sourceTree = BUILT_PRODUCTS_DIR; };
		951D315122DD93B800D865A5 /* ticTacToeTejasTests.swift */ = {isa = PBXFileReference; lastKnownFileType = sourcecode.swift; path = ticTacToeTejasTests.swift; sourceTree = "<group>"; };
		951D315322DD93B800D865A5 /* Info.plist */ = {isa = PBXFileReference; lastKnownFileType = text.plist.xml; path = Info.plist; sourceTree = "<group>"; };
		951D315822DD93B800D865A5 /* ticTacToeTejasUITests.xctest */ = {isa = PBXFileReference; explicitFileType = wrapper.cfbundle; includeInIndex = 0; path = ticTacToeTejasUITests.xctest; sourceTree = BUILT_PRODUCTS_DIR; };
		951D315C22DD93B800D865A5 /* ticTacToeTejasUITests.swift */ = {isa = PBXFileReference; lastKnownFileType = sourcecode.swift; path = ticTacToeTejasUITests.swift; sourceTree = "<group>"; };
		951D315E22DD93B800D865A5 /* Info.plist */ = {isa = PBXFileReference; lastKnownFileType = text.plist.xml; path = Info.plist; sourceTree = "<group>"; };
		951D316A22DD97AF00D865A5 /* MyCollectionViewCell.swift */ = {isa = PBXFileReference; lastKnownFileType = sourcecode.swift; path = MyCollectionViewCell.swift; sourceTree = "<group>"; };
/* End PBXFileReference section */

/* Begin PBXFrameworksBuildPhase section */
		951D313622DD93B700D865A5 /* Frameworks */ = {
			isa = PBXFrameworksBuildPhase;
			buildActionMask = 2147483647;
			files = (
			);
			runOnlyForDeploymentPostprocessing = 0;
		};
		951D314A22DD93B800D865A5 /* Frameworks */ = {
			isa = PBXFrameworksBuildPhase;
			buildActionMask = 2147483647;
			files = (
			);
			runOnlyForDeploymentPostprocessing = 0;
		};
		951D315522DD93B800D865A5 /* Frameworks */ = {
			isa = PBXFrameworksBuildPhase;
			buildActionMask = 2147483647;
			files = (
			);
			runOnlyForDeploymentPostprocessing = 0;
		};
/* End PBXFrameworksBuildPhase section */

/* Begin PBXGroup section */
		951D313022DD93B700D865A5 = {
			isa = PBXGroup;
			children = (
				951D313B22DD93B700D865A5 /* ticTacToeTejas */,
				951D315022DD93B800D865A5 /* ticTacToeTejasTests */,
				951D315B22DD93B800D865A5 /* ticTacToeTejasUITests */,
				951D313A22DD93B700D865A5 /* Products */,
			);
			sourceTree = "<group>";
		};
		951D313A22DD93B700D865A5 /* Products */ = {
			isa = PBXGroup;
			children = (
				951D313922DD93B700D865A5 /* ticTacToeTejas.app */,
				951D314D22DD93B800D865A5 /* ticTacToeTejasTests.xctest */,
				951D315822DD93B800D865A5 /* ticTacToeTejasUITests.xctest */,
			);
			name = Products;
			sourceTree = "<group>";
		};
		951D313B22DD93B700D865A5 /* ticTacToeTejas */ = {
			isa = PBXGroup;
			children = (
				951D313C22DD93B700D865A5 /* AppDelegate.swift */,
				951D313E22DD93B700D865A5 /* ViewController.swift */,
				951D314022DD93B700D865A5 /* Main.storyboard */,
				951D314322DD93B800D865A5 /* Assets.xcassets */,
				951D314522DD93B800D865A5 /* LaunchScreen.storyboard */,
				951D314822DD93B800D865A5 /* Info.plist */,
				951D316A22DD97AF00D865A5 /* MyCollectionViewCell.swift */,
			);
			path = ticTacToeTejas;
			sourceTree = "<group>";
		};
		951D315022DD93B800D865A5 /* ticTacToeTejasTests */ = {
			isa = PBXGroup;
			children = (
				951D315122DD93B800D865A5 /* ticTacToeTejasTests.swift */,
				951D315322DD93B800D865A5 /* Info.plist */,
			);
			path = ticTacToeTejasTests;
			sourceTree = "<group>";
		};
		951D315B22DD93B800D865A5 /* ticTacToeTejasUITests */ = {
			isa = PBXGroup;
			children = (
				951D315C22DD93B800D865A5 /* ticTacToeTejasUITests.swift */,
				951D315E22DD93B800D865A5 /* Info.plist */,
			);
			path = ticTacToeTejasUITests;
			sourceTree = "<group>";
		};
/* End PBXGroup section */

/* Begin PBXNativeTarget section */
		951D313822DD93B700D865A5 /* ticTacToeTejas */ = {
			isa = PBXNativeTarget;
			buildConfigurationList = 951D316122DD93B800D865A5 /* Build configuration list for PBXNativeTarget "ticTacToeTejas" */;
			buildPhases = (
				951D313522DD93B700D865A5 /* Sources */,
				951D313622DD93B700D865A5 /* Frameworks */,
				951D313722DD93B700D865A5 /* Resources */,
			);
			buildRules = (
			);
			dependencies = (
			);
			name = ticTacToeTejas;
			productName = ticTacToeTejas;
			productReference = 951D313922DD93B700D865A5 /* ticTacToeTejas.app */;
			productType = "com.apple.product-type.application";
		};
		951D314C22DD93B800D865A5 /* ticTacToeTejasTests */ = {
			isa = PBXNativeTarget;
			buildConfigurationList = 951D316422DD93B800D865A5 /* Build configuration list for PBXNativeTarget "ticTacToeTejasTests" */;
			buildPhases = (
				951D314922DD93B800D865A5 /* Sources */,
				951D314A22DD93B800D865A5 /* Frameworks */,
				951D314B22DD93B800D865A5 /* Resources */,
			);
			buildRules = (
			);
			dependencies = (
				951D314F22DD93B800D865A5 /* PBXTargetDependency */,
			);
			name = ticTacToeTejasTests;
			productName = ticTacToeTejasTests;
			productReference = 951D314D22DD93B800D865A5 /* ticTacToeTejasTests.xctest */;
			productType = "com.apple.product-type.bundle.unit-test";
		};
		951D315722DD93B800D865A5 /* ticTacToeTejasUITests */ = {
			isa = PBXNativeTarget;
			buildConfigurationList = 951D316722DD93B800D865A5 /* Build configuration list for PBXNativeTarget "ticTacToeTejasUITests" */;
			buildPhases = (
				951D315422DD93B800D865A5 /* Sources */,
				951D315522DD93B800D865A5 /* Frameworks */,
				951D315622DD93B800D865A5 /* Resources */,
			);
			buildRules = (
			);
			dependencies = (
				951D315A22DD93B800D865A5 /* PBXTargetDependency */,
			);
			name = ticTacToeTejasUITests;
			productName = ticTacToeTejasUITests;
			productReference = 951D315822DD93B800D865A5 /* ticTacToeTejasUITests.xctest */;
			productType = "com.apple.product-type.bundle.ui-testing";
		};
/* End PBXNativeTarget section */

/* Begin PBXProject section */
		951D313122DD93B700D865A5 /* Project object */ = {
			isa = PBXProject;
			attributes = {
				LastSwiftUpdateCheck = 1000;
				LastUpgradeCheck = 1000;
				ORGANIZATIONNAME = rails;
				TargetAttributes = {
					951D313822DD93B700D865A5 = {
						CreatedOnToolsVersion = 10.0;
					};
					951D314C22DD93B800D865A5 = {
						CreatedOnToolsVersion = 10.0;
						TestTargetID = 951D313822DD93B700D865A5;
					};
					951D315722DD93B800D865A5 = {
						CreatedOnToolsVersion = 10.0;
						TestTargetID = 951D313822DD93B700D865A5;
					};
				};
			};
			buildConfigurationList = 951D313422DD93B700D865A5 /* Build configuration list for PBXProject "ticTacToeTejas" */;
			compatibilityVersion = "Xcode 9.3";
			developmentRegion = en;
			hasScannedForEncodings = 0;
			knownRegions = (
				en,
				Base,
			);
			mainGroup = 951D313022DD93B700D865A5;
			productRefGroup = 951D313A22DD93B700D865A5 /* Products */;
			projectDirPath = "";
			projectRoot = "";
			targets = (
				951D313822DD93B700D865A5 /* ticTacToeTejas */,
				951D314C22DD93B800D865A5 /* ticTacToeTejasTests */,
				951D315722DD93B800D865A5 /* ticTacToeTejasUITests */,
			);
		};
/* End PBXProject section */

/* Begin PBXResourcesBuildPhase section */
		951D313722DD93B700D865A5 /* Resources */ = {
			isa = PBXResourcesBuildPhase;
			buildActionMask = 2147483647;
			files = (
				951D314722DD93B800D865A5 /* LaunchScreen.storyboard in Resources */,
				951D314422DD93B800D865A5 /* Assets.xcassets in Resources */,
				951D314222DD93B700D865A5 /* Main.storyboard in Resources */,
			);
			runOnlyForDeploymentPostprocessing = 0;
		};
		951D314B22DD93B800D865A5 /* Resources */ = {
			isa = PBXResourcesBuildPhase;
			buildActionMask = 2147483647;
			files = (
			);
			runOnlyForDeploymentPostprocessing = 0;
		};
		951D315622DD93B800D865A5 /* Resources */ = {
			isa = PBXResourcesBuildPhase;
			buildActionMask = 2147483647;
			files = (
			);
			runOnlyForDeploymentPostprocessing = 0;
		};
/* End PBXResourcesBuildPhase section */

/* Begin PBXSourcesBuildPhase section */
		951D313522DD93B700D865A5 /* Sources */ = {
			isa = PBXSourcesBuildPhase;
			buildActionMask = 2147483647;
			files = (
				951D313F22DD93B700D865A5 /* ViewController.swift in Sources */,
				951D313D22DD93B700D865A5 /* AppDelegate.swift in Sources */,
				951D316B22DD97AF00D865A5 /* MyCollectionViewCell.swift in Sources */,
			);
			runOnlyForDeploymentPostprocessing = 0;
		};
		951D314922DD93B800D865A5 /* Sources */ = {
			isa = PBXSourcesBuildPhase;
			buildActionMask = 2147483647;
			files = (
				951D315222DD93B800D865A5 /* ticTacToeTejasTests.swift in Sources */,
			);
			runOnlyForDeploymentPostprocessing = 0;
		};
		951D315422DD93B800D865A5 /* Sources */ = {
			isa = PBXSourcesBuildPhase;
			buildActionMask = 2147483647;
			files = (
				951D315D22DD93B800D865A5 /* ticTacToeTejasUITests.swift in Sources */,
			);
			runOnlyForDeploymentPostprocessing = 0;
		};
/* End PBXSourcesBuildPhase section */

/* Begin PBXTargetDependency section */
		951D314F22DD93B800D865A5 /* PBXTargetDependency */ = {
			isa = PBXTargetDependency;
			target = 951D313822DD93B700D865A5 /* ticTacToeTejas */;
			targetProxy = 951D314E22DD93B800D865A5 /* PBXContainerItemProxy */;
		};
		951D315A22DD93B800D865A5 /* PBXTargetDependency */ = {
			isa = PBXTargetDependency;
			target = 951D313822DD93B700D865A5 /* ticTacToeTejas */;
			targetProxy = 951D315922DD93B800D865A5 /* PBXContainerItemProxy */;
		};
/* End PBXTargetDependency section */

/* Begin PBXVariantGroup section */
		951D314022DD93B700D865A5 /* Main.storyboard */ = {
			isa = PBXVariantGroup;
			children = (
				951D314122DD93B700D865A5 /* Base */,
			);
			name = Main.storyboard;
			sourceTree = "<group>";
		};
		951D314522DD93B800D865A5 /* LaunchScreen.storyboard */ = {
			isa = PBXVariantGroup;
			children = (
				951D314622DD93B800D865A5 /* Base */,
			);
			name = LaunchScreen.storyboard;
			sourceTree = "<group>";
		};
/* End PBXVariantGroup section */

/* Begin XCBuildConfiguration section */
		951D315F22DD93B800D865A5 /* Debug */ = {
			isa = XCBuildConfiguration;
			buildSettings = {
				ALWAYS_SEARCH_USER_PATHS = NO;
				CLANG_ANALYZER_NONNULL = YES;
				CLANG_ANALYZER_NUMBER_OBJECT_CONVERSION = YES_AGGRESSIVE;
				CLANG_CXX_LANGUAGE_STANDARD = "gnu++14";
				CLANG_CXX_LIBRARY = "libc++";
				CLANG_ENABLE_MODULES = YES;
				CLANG_ENABLE_OBJC_ARC = YES;
				CLANG_ENABLE_OBJC_WEAK = YES;
				CLANG_WARN_BLOCK_CAPTURE_AUTORELEASING = YES;
				CLANG_WARN_BOOL_CONVERSION = YES;
				CLANG_WARN_COMMA = YES;
				CLANG_WARN_CONSTANT_CONVERSION = YES;
				CLANG_WARN_DEPRECATED_OBJC_IMPLEMENTATIONS = YES;
				CLANG_WARN_DIRECT_OBJC_ISA_USAGE = YES_ERROR;
				CLANG_WARN_DOCUMENTATION_COMMENTS = YES;
				CLANG_WARN_EMPTY_BODY = YES;
				CLANG_WARN_ENUM_CONVERSION = YES;
				CLANG_WARN_INFINITE_RECURSION = YES;
				CLANG_WARN_INT_CONVERSION = YES;
				CLANG_WARN_NON_LITERAL_NULL_CONVERSION = YES;
				CLANG_WARN_OBJC_IMPLICIT_RETAIN_SELF = YES;
				CLANG_WARN_OBJC_LITERAL_CONVERSION = YES;
				CLANG_WARN_OBJC_ROOT_CLASS = YES_ERROR;
				CLANG_WARN_RANGE_LOOP_ANALYSIS = YES;
				CLANG_WARN_STRICT_PROTOTYPES = YES;
				CLANG_WARN_SUSPICIOUS_MOVE = YES;
				CLANG_WARN_UNGUARDED_AVAILABILITY = YES_AGGRESSIVE;
				CLANG_WARN_UNREACHABLE_CODE = YES;
				CLANG_WARN__DUPLICATE_METHOD_MATCH = YES;
				CODE_SIGN_IDENTITY = "iPhone Developer";
				COPY_PHASE_STRIP = NO;
				DEBUG_INFORMATION_FORMAT = dwarf;
				ENABLE_STRICT_OBJC_MSGSEND = YES;
				ENABLE_TESTABILITY = YES;
				GCC_C_LANGUAGE_STANDARD = gnu11;
				GCC_DYNAMIC_NO_PIC = NO;
				GCC_NO_COMMON_BLOCKS = YES;
				GCC_OPTIMIZATION_LEVEL = 0;
				GCC_PREPROCESSOR_DEFINITIONS = (
					"DEBUG=1",
					"$(inherited)",
				);
				GCC_WARN_64_TO_32_BIT_CONVERSION = YES;
				GCC_WARN_ABOUT_RETURN_TYPE = YES_ERROR;
				GCC_WARN_UNDECLARED_SELECTOR = YES;
				GCC_WARN_UNINITIALIZED_AUTOS = YES_AGGRESSIVE;
				GCC_WARN_UNUSED_FUNCTION = YES;
				GCC_WARN_UNUSED_VARIABLE = YES;
				IPHONEOS_DEPLOYMENT_TARGET = 12.0;
				MTL_ENABLE_DEBUG_INFO = INCLUDE_SOURCE;
				MTL_FAST_MATH = YES;
				ONLY_ACTIVE_ARCH = YES;
				SDKROOT = iphoneos;
				SWIFT_ACTIVE_COMPILATION_CONDITIONS = DEBUG;
				SWIFT_OPTIMIZATION_LEVEL = "-Onone";
			};
			name = Debug;
		};
		951D316022DD93B800D865A5 /* Release */ = {
			isa = XCBuildConfiguration;
			buildSettings = {
				ALWAYS_SEARCH_USER_PATHS = NO;
				CLANG_ANALYZER_NONNULL = YES;
				CLANG_ANALYZER_NUMBER_OBJECT_CONVERSION = YES_AGGRESSIVE;
				CLANG_CXX_LANGUAGE_STANDARD = "gnu++14";
				CLANG_CXX_LIBRARY = "libc++";
				CLANG_ENABLE_MODULES = YES;
				CLANG_ENABLE_OBJC_ARC = YES;
				CLANG_ENABLE_OBJC_WEAK = YES;
				CLANG_WARN_BLOCK_CAPTURE_AUTORELEASING = YES;
				CLANG_WARN_BOOL_CONVERSION = YES;
				CLANG_WARN_COMMA = YES;
				CLANG_WARN_CONSTANT_CONVERSION = YES;
				CLANG_WARN_DEPRECATED_OBJC_IMPLEMENTATIONS = YES;
				CLANG_WARN_DIRECT_OBJC_ISA_USAGE = YES_ERROR;
				CLANG_WARN_DOCUMENTATION_COMMENTS = YES;
				CLANG_WARN_EMPTY_BODY = YES;
				CLANG_WARN_ENUM_CONVERSION = YES;
				CLANG_WARN_INFINITE_RECURSION = YES;
				CLANG_WARN_INT_CONVERSION = YES;
				CLANG_WARN_NON_LITERAL_NULL_CONVERSION = YES;
				CLANG_WARN_OBJC_IMPLICIT_RETAIN_SELF = YES;
				CLANG_WARN_OBJC_LITERAL_CONVERSION = YES;
				CLANG_WARN_OBJC_ROOT_CLASS = YES_ERROR;
				CLANG_WARN_RANGE_LOOP_ANALYSIS = YES;
				CLANG_WARN_STRICT_PROTOTYPES = YES;
				CLANG_WARN_SUSPICIOUS_MOVE = YES;
				CLANG_WARN_UNGUARDED_AVAILABILITY = YES_AGGRESSIVE;
				CLANG_WARN_UNREACHABLE_CODE = YES;
				CLANG_WARN__DUPLICATE_METHOD_MATCH = YES;
				CODE_SIGN_IDENTITY = "iPhone Developer";
				COPY_PHASE_STRIP = NO;
				DEBUG_INFORMATION_FORMAT = "dwarf-with-dsym";
				ENABLE_NS_ASSERTIONS = NO;
				ENABLE_STRICT_OBJC_MSGSEND = YES;
				GCC_C_LANGUAGE_STANDARD = gnu11;
				GCC_NO_COMMON_BLOCKS = YES;
				GCC_WARN_64_TO_32_BIT_CONVERSION = YES;
				GCC_WARN_ABOUT_RETURN_TYPE = YES_ERROR;
				GCC_WARN_UNDECLARED_SELECTOR = YES;
				GCC_WARN_UNINITIALIZED_AUTOS = YES_AGGRESSIVE;
				GCC_WARN_UNUSED_FUNCTION = YES;
				GCC_WARN_UNUSED_VARIABLE = YES;
				IPHONEOS_DEPLOYMENT_TARGET = 12.0;
				MTL_ENABLE_DEBUG_INFO = NO;
				MTL_FAST_MATH = YES;
				SDKROOT = iphoneos;
				SWIFT_COMPILATION_MODE = wholemodule;
				SWIFT_OPTIMIZATION_LEVEL = "-O";
				VALIDATE_PRODUCT = YES;
			};
			name = Release;
		};
		951D316222DD93B800D865A5 /* Debug */ = {
			isa = XCBuildConfiguration;
			buildSettings = {
				ASSETCATALOG_COMPILER_APPICON_NAME = AppIcon;
				CODE_SIGN_IDENTITY = "iPhone Developer";
				CODE_SIGN_STYLE = Automatic;
				DEVELOPMENT_TEAM = M59Y9NCBY6;
				INFOPLIST_FILE = ticTacToeTejas/Info.plist;
				LD_RUNPATH_SEARCH_PATHS = (
					"$(inherited)",
					"@executable_path/Frameworks",
				);
				PRODUCT_BUNDLE_IDENTIFIER = rails.ticTacToeTejas;
				PRODUCT_NAME = "$(TARGET_NAME)";
				PROVISIONING_PROFILE_SPECIFIER = "";
				SWIFT_VERSION = 4.2;
				TARGETED_DEVICE_FAMILY = 1;
			};
			name = Debug;
		};
		951D316322DD93B800D865A5 /* Release */ = {
			isa = XCBuildConfiguration;
			buildSettings = {
				ASSETCATALOG_COMPILER_APPICON_NAME = AppIcon;
				CODE_SIGN_IDENTITY = "iPhone Developer";
				CODE_SIGN_STYLE = Automatic;
				DEVELOPMENT_TEAM = M59Y9NCBY6;
				INFOPLIST_FILE = ticTacToeTejas/Info.plist;
				LD_RUNPATH_SEARCH_PATHS = (
					"$(inherited)",
					"@executable_path/Frameworks",
				);
				PRODUCT_BUNDLE_IDENTIFIER = rails.ticTacToeTejas;
				PRODUCT_NAME = "$(TARGET_NAME)";
				PROVISIONING_PROFILE_SPECIFIER = "";
				SWIFT_VERSION = 4.2;
				TARGETED_DEVICE_FAMILY = 1;
			};
			name = Release;
		};
		951D316522DD93B800D865A5 /* Debug */ = {
			isa = XCBuildConfiguration;
			buildSettings = {
				ALWAYS_EMBED_SWIFT_STANDARD_LIBRARIES = YES;
				BUNDLE_LOADER = "$(TEST_HOST)";
				CODE_SIGN_STYLE = Automatic;
				DEVELOPMENT_TEAM = A76HWJVB33;
				INFOPLIST_FILE = ticTacToeTejasTests/Info.plist;
				LD_RUNPATH_SEARCH_PATHS = (
					"$(inherited)",
					"@executable_path/Frameworks",
					"@loader_path/Frameworks",
				);
				PRODUCT_BUNDLE_IDENTIFIER = rails.ticTacToeTejasTests;
				PRODUCT_NAME = "$(TARGET_NAME)";
				SWIFT_VERSION = 4.2;
				TARGETED_DEVICE_FAMILY = "1,2";
				TEST_HOST = "$(BUILT_PRODUCTS_DIR)/ticTacToeTejas.app/ticTacToeTejas";
			};
			name = Debug;
		};
		951D316622DD93B800D865A5 /* Release */ = {
			isa = XCBuildConfiguration;
			buildSettings = {
				ALWAYS_EMBED_SWIFT_STANDARD_LIBRARIES = YES;
				BUNDLE_LOADER = "$(TEST_HOST)";
				CODE_SIGN_STYLE = Automatic;
				DEVELOPMENT_TEAM = A76HWJVB33;
				INFOPLIST_FILE = ticTacToeTejasTests/Info.plist;
				LD_RUNPATH_SEARCH_PATHS = (
					"$(inherited)",
					"@executable_path/Frameworks",
					"@loader_path/Frameworks",
				);
				PRODUCT_BUNDLE_IDENTIFIER = rails.ticTacToeTejasTests;
				PRODUCT_NAME = "$(TARGET_NAME)";
				SWIFT_VERSION = 4.2;
				TARGETED_DEVICE_FAMILY = "1,2";
				TEST_HOST = "$(BUILT_PRODUCTS_DIR)/ticTacToeTejas.app/ticTacToeTejas";
			};
			name = Release;
		};
		951D316822DD93B800D865A5 /* Debug */ = {
			isa = XCBuildConfiguration;
			buildSettings = {
				ALWAYS_EMBED_SWIFT_STANDARD_LIBRARIES = YES;
				CODE_SIGN_STYLE = Automatic;
				DEVELOPMENT_TEAM = A76HWJVB33;
				INFOPLIST_FILE = ticTacToeTejasUITests/Info.plist;
				LD_RUNPATH_SEARCH_PATHS = (
					"$(inherited)",
					"@executable_path/Frameworks",
					"@loader_path/Frameworks",
				);
				PRODUCT_BUNDLE_IDENTIFIER = rails.ticTacToeTejasUITests;
				PRODUCT_NAME = "$(TARGET_NAME)";
				SWIFT_VERSION = 4.2;
				TARGETED_DEVICE_FAMILY = "1,2";
				TEST_TARGET_NAME = ticTacToeTejas;
			};
			name = Debug;
		};
		951D316922DD93B800D865A5 /* Release */ = {
			isa = XCBuildConfiguration;
			buildSettings = {
				ALWAYS_EMBED_SWIFT_STANDARD_LIBRARIES = YES;
				CODE_SIGN_STYLE = Automatic;
				DEVELOPMENT_TEAM = A76HWJVB33;
				INFOPLIST_FILE = ticTacToeTejasUITests/Info.plist;
				LD_RUNPATH_SEARCH_PATHS = (
					"$(inherited)",
					"@executable_path/Frameworks",
					"@loader_path/Frameworks",
				);
				PRODUCT_BUNDLE_IDENTIFIER = rails.ticTacToeTejasUITests;
				PRODUCT_NAME = "$(TARGET_NAME)";
				SWIFT_VERSION = 4.2;
				TARGETED_DEVICE_FAMILY = "1,2";
				TEST_TARGET_NAME = ticTacToeTejas;
			};
			name = Release;
		};
/* End XCBuildConfiguration section */

/* Begin XCConfigurationList section */
		951D313422DD93B700D865A5 /* Build configuration list for PBXProject "ticTacToeTejas" */ = {
			isa = XCConfigurationList;
			buildConfigurations = (
				951D315F22DD93B800D865A5 /* Debug */,
				951D316022DD93B800D865A5 /* Release */,
			);
			defaultConfigurationIsVisible = 0;
			defaultConfigurationName = Release;
		};
		951D316122DD93B800D865A5 /* Build configuration list for PBXNativeTarget "ticTacToeTejas" */ = {
			isa = XCConfigurationList;
			buildConfigurations = (
				951D316222DD93B800D865A5 /* Debug */,
				951D316322DD93B800D865A5 /* Release */,
			);
			defaultConfigurationIsVisible = 0;
			defaultConfigurationName = Release;
		};
		951D316422DD93B800D865A5 /* Build configuration list for PBXNativeTarget "ticTacToeTejasTests" */ = {
			isa = XCConfigurationList;
			buildConfigurations = (
				951D316522DD93B800D865A5 /* Debug */,
				951D316622DD93B800D865A5 /* Release */,
			);
			defaultConfigurationIsVisible = 0;
			defaultConfigurationName = Release;
		};
		951D316722DD93B800D865A5 /* Build configuration list for PBXNativeTarget "ticTacToeTejasUITests" */ = {
			isa = XCConfigurationList;
			buildConfigurations = (
				951D316822DD93B800D865A5 /* Debug */,
				951D316922DD93B800D865A5 /* Release */,
			);
			defaultConfigurationIsVisible = 0;
			defaultConfigurationName = Release;
		};
/* End XCConfigurationList section */
	};
	rootObject = 951D313122DD93B700D865A5 /* Project object */;
}
